// !$*UTF8*$!
{
	archiveVersion = 1;
	classes = {
	};
	objectVersion = 46;
	objects = {

/* Begin PBXBuildFile section */
		051001A51AAF6D760082F56C /* PlaySoundsViewController.swift in Sources */ = {isa = PBXBuildFile; fileRef = 051001A41AAF6D760082F56C /* PlaySoundsViewController.swift */; };
		051001A91AAF79770082F56C /* movie_quote.mp3 in Resources */ = {isa = PBXBuildFile; fileRef = 051001A81AAF79770082F56C /* movie_quote.mp3 */; };
		051001AB1AAFE6B80082F56C /* RecordedAudio.swift in Sources */ = {isa = PBXBuildFile; fileRef = 051001AA1AAFE6B80082F56C /* RecordedAudio.swift */; };
		052FF63F1AAE27050022F894 /* AppDelegate.swift in Sources */ = {isa = PBXBuildFile; fileRef = 052FF63E1AAE27050022F894 /* AppDelegate.swift */; };
		052FF6411AAE27050022F894 /* RecordSoundViewController.swift in Sources */ = {isa = PBXBuildFile; fileRef = 052FF6401AAE27050022F894 /* RecordSoundViewController.swift */; };
		052FF6441AAE27060022F894 /* Main.storyboard in Resources */ = {isa = PBXBuildFile; fileRef = 052FF6421AAE27060022F894 /* Main.storyboard */; };
		052FF6461AAE27060022F894 /* Images.xcassets in Resources */ = {isa = PBXBuildFile; fileRef = 052FF6451AAE27060022F894 /* Images.xcassets */; };
		052FF6521AAE27060022F894 /* Pitch_PerfectTests.swift in Sources */ = {isa = PBXBuildFile; fileRef = 052FF6511AAE27060022F894 /* Pitch_PerfectTests.swift */; };
/* End PBXBuildFile section */

/* Begin PBXContainerItemProxy section */
		052FF64C1AAE27060022F894 /* PBXContainerItemProxy */ = {
			isa = PBXContainerItemProxy;
			containerPortal = 052FF6311AAE27050022F894 /* Project object */;
			proxyType = 1;
			remoteGlobalIDString = 052FF6381AAE27050022F894;
			remoteInfo = "Pitch Perfect";
		};
/* End PBXContainerItemProxy section */

/* Begin PBXFileReference section */
		051001A41AAF6D760082F56C /* PlaySoundsViewController.swift */ = {isa = PBXFileReference; fileEncoding = 4; lastKnownFileType = sourcecode.swift; path = PlaySoundsViewController.swift; sourceTree = "<group>"; };
		051001A81AAF79770082F56C /* movie_quote.mp3 */ = {isa = PBXFileReference; lastKnownFileType = audio.mp3; name = movie_quote.mp3; path = ../movie_quote.mp3; sourceTree = "<group>"; };
		051001AA1AAFE6B80082F56C /* RecordedAudio.swift */ = {isa = PBXFileReference; fileEncoding = 4; lastKnownFileType = sourcecode.swift; path = RecordedAudio.swift; sourceTree = "<group>"; };
		052FF6391AAE27050022F894 /* Pitch Perfect.app */ = {isa = PBXFileReference; explicitFileType = wrapper.application; includeInIndex = 0; path = "Pitch Perfect.app"; sourceTree = BUILT_PRODUCTS_DIR; };
		052FF63D1AAE27050022F894 /* Info.plist */ = {isa = PBXFileReference; lastKnownFileType = text.plist.xml; path = Info.plist; sourceTree = "<group>"; };
		052FF63E1AAE27050022F894 /* AppDelegate.swift */ = {isa = PBXFileReference; lastKnownFileType = sourcecode.swift; path = AppDelegate.swift; sourceTree = "<group>"; };
		052FF6401AAE27050022F894 /* RecordSoundViewController.swift */ = {isa = PBXFileReference; lastKnownFileType = sourcecode.swift; path = RecordSoundViewController.swift; sourceTree = "<group>"; };
		052FF6431AAE27060022F894 /* Base */ = {isa = PBXFileReference; lastKnownFileType = file.storyboard; name = Base; path = Base.lproj/Main.storyboard; sourceTree = "<group>"; };
		052FF6451AAE27060022F894 /* Images.xcassets */ = {isa = PBXFileReference; lastKnownFileType = folder.assetcatalog; path = Images.xcassets; sourceTree = "<group>"; };
		052FF64B1AAE27060022F894 /* Pitch PerfectTests.xctest */ = {isa = PBXFileReference; explicitFileType = wrapper.cfbundle; includeInIndex = 0; path = "Pitch PerfectTests.xctest"; sourceTree = BUILT_PRODUCTS_DIR; };
		052FF6501AAE27060022F894 /* Info.plist */ = {isa = PBXFileReference; lastKnownFileType = text.plist.xml; path = Info.plist; sourceTree = "<group>"; };
		052FF6511AAE27060022F894 /* Pitch_PerfectTests.swift */ = {isa = PBXFileReference; lastKnownFileType = sourcecode.swift; path = Pitch_PerfectTests.swift; sourceTree = "<group>"; };
/* End PBXFileReference section */

/* Begin PBXFrameworksBuildPhase section */
		052FF6361AAE27050022F894 /* Frameworks */ = {
			isa = PBXFrameworksBuildPhase;
			buildActionMask = 2147483647;
			files = (
			);
			runOnlyForDeploymentPostprocessing = 0;
		};
		052FF6481AAE27060022F894 /* Frameworks */ = {
			isa = PBXFrameworksBuildPhase;
			buildActionMask = 2147483647;
			files = (
			);
			runOnlyForDeploymentPostprocessing = 0;
		};
/* End PBXFrameworksBuildPhase section */

/* Begin PBXGroup section */
		052FF6301AAE27050022F894 = {
			isa = PBXGroup;
			children = (
				052FF63B1AAE27050022F894 /* Pitch Perfect */,
				052FF64E1AAE27060022F894 /* Pitch PerfectTests */,
				052FF63A1AAE27050022F894 /* Products */,
			);
			sourceTree = "<group>";
		};
		052FF63A1AAE27050022F894 /* Products */ = {
			isa = PBXGroup;
			children = (
				052FF6391AAE27050022F894 /* Pitch Perfect.app */,
				052FF64B1AAE27060022F894 /* Pitch PerfectTests.xctest */,
			);
			name = Products;
			sourceTree = "<group>";
		};
		052FF63B1AAE27050022F894 /* Pitch Perfect */ = {
			isa = PBXGroup;
			children = (
				052FF63E1AAE27050022F894 /* AppDelegate.swift */,
				052FF6401AAE27050022F894 /* RecordSoundViewController.swift */,
				051001AA1AAFE6B80082F56C /* RecordedAudio.swift */,
				052FF6421AAE27060022F894 /* Main.storyboard */,
				051001A41AAF6D760082F56C /* PlaySoundsViewController.swift */,
				052FF6451AAE27060022F894 /* Images.xcassets */,
				052FF63C1AAE27050022F894 /* Supporting Files */,
			);
			path = "Pitch Perfect";
			sourceTree = "<group>";
		};
		052FF63C1AAE27050022F894 /* Supporting Files */ = {
			isa = PBXGroup;
			children = (
				051001A81AAF79770082F56C /* movie_quote.mp3 */,
				052FF63D1AAE27050022F894 /* Info.plist */,
			);
			name = "Supporting Files";
			sourceTree = "<group>";
		};
		052FF64E1AAE27060022F894 /* Pitch PerfectTests */ = {
			isa = PBXGroup;
			children = (
				052FF6511AAE27060022F894 /* Pitch_PerfectTests.swift */,
				052FF64F1AAE27060022F894 /* Supporting Files */,
			);
			path = "Pitch PerfectTests";
			sourceTree = "<group>";
		};
		052FF64F1AAE27060022F894 /* Supporting Files */ = {
			isa = PBXGroup;
			children = (
				052FF6501AAE27060022F894 /* Info.plist */,
			);
			name = "Supporting Files";
			sourceTree = "<group>";
		};
/* End PBXGroup section */

/* Begin PBXNativeTarget section */
		052FF6381AAE27050022F894 /* Pitch Perfect */ = {
			isa = PBXNativeTarget;
			buildConfigurationList = 052FF6551AAE27060022F894 /* Build configuration list for PBXNativeTarget "Pitch Perfect" */;
			buildPhases = (
				052FF6351AAE27050022F894 /* Sources */,
				052FF6361AAE27050022F894 /* Frameworks */,
				052FF6371AAE27050022F894 /* Resources */,
			);
			buildRules = (
			);
			dependencies = (
			);
			name = "Pitch Perfect";
			productName = "Pitch Perfect";
			productReference = 052FF6391AAE27050022F894 /* Pitch Perfect.app */;
			productType = "com.apple.product-type.application";
		};
		052FF64A1AAE27060022F894 /* Pitch PerfectTests */ = {
			isa = PBXNativeTarget;
			buildConfigurationList = 052FF6581AAE27060022F894 /* Build configuration list for PBXNativeTarget "Pitch PerfectTests" */;
			buildPhases = (
				052FF6471AAE27060022F894 /* Sources */,
				052FF6481AAE27060022F894 /* Frameworks */,
				052FF6491AAE27060022F894 /* Resources */,
			);
			buildRules = (
			);
			dependencies = (
				052FF64D1AAE27060022F894 /* PBXTargetDependency */,
			);
			name = "Pitch PerfectTests";
			productName = "Pitch PerfectTests";
			productReference = 052FF64B1AAE27060022F894 /* Pitch PerfectTests.xctest */;
			productType = "com.apple.product-type.bundle.unit-test";
		};
/* End PBXNativeTarget section */

/* Begin PBXProject section */
		052FF6311AAE27050022F894 /* Project object */ = {
			isa = PBXProject;
			attributes = {
				LastUpgradeCheck = 0600;
				ORGANIZATIONNAME = "Jesse Martinez";
				TargetAttributes = {
					052FF6381AAE27050022F894 = {
						CreatedOnToolsVersion = 6.0;
					};
					052FF64A1AAE27060022F894 = {
						CreatedOnToolsVersion = 6.0;
						TestTargetID = 052FF6381AAE27050022F894;
					};
				};
			};
			buildConfigurationList = 052FF6341AAE27050022F894 /* Build configuration list for PBXProject "Pitch Perfect" */;
			compatibilityVersion = "Xcode 3.2";
			developmentRegion = English;
			hasScannedForEncodings = 0;
			knownRegions = (
				en,
				Base,
			);
			mainGroup = 052FF6301AAE27050022F894;
			productRefGroup = 052FF63A1AAE27050022F894 /* Products */;
			projectDirPath = "";
			projectRoot = "";
			targets = (
				052FF6381AAE27050022F894 /* Pitch Perfect */,
				052FF64A1AAE27060022F894 /* Pitch PerfectTests */,
			);
		};
/* End PBXProject section */

/* Begin PBXResourcesBuildPhase section */
		052FF6371AAE27050022F894 /* Resources */ = {
			isa = PBXResourcesBuildPhase;
			buildActionMask = 2147483647;
			files = (
				051001A91AAF79770082F56C /* movie_quote.mp3 in Resources */,
				052FF6441AAE27060022F894 /* Main.storyboard in Resources */,
				052FF6461AAE27060022F894 /* Images.xcassets in Resources */,
			);
			runOnlyForDeploymentPostprocessing = 0;
		};
		052FF6491AAE27060022F894 /* Resources */ = {
			isa = PBXResourcesBuildPhase;
			buildActionMask = 2147483647;
			files = (
			);
			runOnlyForDeploymentPostprocessing = 0;
		};
/* End PBXResourcesBuildPhase section */

/* Begin PBXSourcesBuildPhase section */
		052FF6351AAE27050022F894 /* Sources */ = {
			isa = PBXSourcesBuildPhase;
			buildActionMask = 2147483647;
			files = (
				051001AB1AAFE6B80082F56C /* RecordedAudio.swift in Sources */,
				052FF6411AAE27050022F894 /* RecordSoundViewController.swift in Sources */,
				051001A51AAF6D760082F56C /* PlaySoundsViewController.swift in Sources */,
				052FF63F1AAE27050022F894 /* AppDelegate.swift in Sources */,
			);
			runOnlyForDeploymentPostprocessing = 0;
		};
		052FF6471AAE27060022F894 /* Sources */ = {
			isa = PBXSourcesBuildPhase;
			buildActionMask = 2147483647;
			files = (
				052FF6521AAE27060022F894 /* Pitch_PerfectTests.swift in Sources */,
			);
			runOnlyForDeploymentPostprocessing = 0;
		};
/* End PBXSourcesBuildPhase section */

/* Begin PBXTargetDependency section */
		052FF64D1AAE27060022F894 /* PBXTargetDependency */ = {
			isa = PBXTargetDependency;
			target = 052FF6381AAE27050022F894 /* Pitch Perfect */;
			targetProxy = 052FF64C1AAE27060022F894 /* PBXContainerItemProxy */;
		};
/* End PBXTargetDependency section */

/* Begin PBXVariantGroup section */
		052FF6421AAE27060022F894 /* Main.storyboard */ = {
			isa = PBXVariantGroup;
			children = (
				052FF6431AAE27060022F894 /* Base */,
			);
			name = Main.storyboard;
			sourceTree = "<group>";
		};
/* End PBXVariantGroup section */

/* Begin XCBuildConfiguration section */
		052FF6531AAE27060022F894 /* Debug */ = {
			isa = XCBuildConfiguration;
			buildSettings = {
				ALWAYS_SEARCH_USER_PATHS = NO;
				CLANG_CXX_LANGUAGE_STANDARD = "gnu++0x";
				CLANG_CXX_LIBRARY = "libc++";
				CLANG_ENABLE_MODULES = YES;
				CLANG_ENABLE_OBJC_ARC = YES;
				CLANG_WARN_BOOL_CONVERSION = YES;
				CLANG_WARN_CONSTANT_CONVERSION = YES;
				CLANG_WARN_DIRECT_OBJC_ISA_USAGE = YES_ERROR;
				CLANG_WARN_EMPTY_BODY = YES;
				CLANG_WARN_ENUM_CONVERSION = YES;
				CLANG_WARN_INT_CONVERSION = YES;
				CLANG_WARN_OBJC_ROOT_CLASS = YES_ERROR;
				CLANG_WARN_UNREACHABLE_CODE = YES;
				CLANG_WARN__DUPLICATE_METHOD_MATCH = YES;
				"CODE_SIGN_IDENTITY[sdk=iphoneos*]" = "iPhone Developer";
				COPY_PHASE_STRIP = NO;
				ENABLE_STRICT_OBJC_MSGSEND = YES;
				GCC_C_LANGUAGE_STANDARD = gnu99;
				GCC_DYNAMIC_NO_PIC = NO;
				GCC_OPTIMIZATION_LEVEL = 0;
				GCC_PREPROCESSOR_DEFINITIONS = (
					"DEBUG=1",
					"$(inherited)",
				);
				GCC_SYMBOLS_PRIVATE_EXTERN = NO;
				GCC_WARN_64_TO_32_BIT_CONVERSION = YES;
				GCC_WARN_ABOUT_RETURN_TYPE = YES_ERROR;
				GCC_WARN_UNDECLARED_SELECTOR = YES;
				GCC_WARN_UNINITIALIZED_AUTOS = YES_AGGRESSIVE;
				GCC_WARN_UNUSED_FUNCTION = YES;
				GCC_WARN_UNUSED_VARIABLE = YES;
				IPHONEOS_DEPLOYMENT_TARGET = 8.0;
				METAL_ENABLE_DEBUG_INFO = YES;
				ONLY_ACTIVE_ARCH = YES;
				SDKROOT = iphoneos;
				SWIFT_OPTIMIZATION_LEVEL = "-Onone";
			};
			name = Debug;
		};
		052FF6541AAE27060022F894 /* Release */ = {
			isa = XCBuildConfiguration;
			buildSettings = {
				ALWAYS_SEARCH_USER_PATHS = NO;
				CLANG_CXX_LANGUAGE_STANDARD = "gnu++0x";
				CLANG_CXX_LIBRARY = "libc++";
				CLANG_ENABLE_MODULES = YES;
				CLANG_ENABLE_OBJC_ARC = YES;
				CLANG_WARN_BOOL_CONVERSION = YES;
				CLANG_WARN_CONSTANT_CONVERSION = YES;
				CLANG_WARN_DIRECT_OBJC_ISA_USAGE = YES_ERROR;
				CLANG_WARN_EMPTY_BODY = YES;
				CLANG_WARN_ENUM_CONVERSION = YES;
				CLANG_WARN_INT_CONVERSION = YES;
				CLANG_WARN_OBJC_ROOT_CLASS = YES_ERROR;
				CLANG_WARN_UNREACHABLE_CODE = YES;
				CLANG_WARN__DUPLICATE_METHOD_MATCH = YES;
				"CODE_SIGN_IDENTITY[sdk=iphoneos*]" = "iPhone Developer";
				COPY_PHASE_STRIP = YES;
				ENABLE_NS_ASSERTIONS = NO;
				ENABLE_STRICT_OBJC_MSGSEND = YES;
				GCC_C_LANGUAGE_STANDARD = gnu99;
				GCC_WARN_64_TO_32_BIT_CONVERSION = YES;
				GCC_WARN_ABOUT_RETURN_TYPE = YES_ERROR;
				GCC_WARN_UNDECLARED_SELECTOR = YES;
				GCC_WARN_UNINITIALIZED_AUTOS = YES_AGGRESSIVE;
				GCC_WARN_UNUSED_FUNCTION = YES;
				GCC_WARN_UNUSED_VARIABLE = YES;
				IPHONEOS_DEPLOYMENT_TARGET = 8.0;
				METAL_ENABLE_DEBUG_INFO = NO;
				SDKROOT = iphoneos;
				VALIDATE_PRODUCT = YES;
			};
			name = Release;
		};
		052FF6561AAE27060022F894 /* Debug */ = {
			isa = XCBuildConfiguration;
			buildSettings = {
				ASSETCATALOG_COMPILER_APPICON_NAME = AppIcon;
				ASSETCATALOG_COMPILER_LAUNCHIMAGE_NAME = LaunchImage;
				INFOPLIST_FILE = "Pitch Perfect/Info.plist";
				LD_RUNPATH_SEARCH_PATHS = "$(inherited) @executable_path/Frameworks";
				PRODUCT_NAME = "$(TARGET_NAME)";
			};
			name = Debug;
		};
		052FF6571AAE27060022F894 /* Release */ = {
			isa = XCBuildConfiguration;
			buildSettings = {
				ASSETCATALOG_COMPILER_APPICON_NAME = AppIcon;
				ASSETCATALOG_COMPILER_LAUNCHIMAGE_NAME = LaunchImage;
				INFOPLIST_FILE = "Pitch Perfect/Info.plist";
				LD_RUNPATH_SEARCH_PATHS = "$(inherited) @executable_path/Frameworks";
				PRODUCT_NAME = "$(TARGET_NAME)";
			};
			name = Release;
		};
		052FF6591AAE27060022F894 /* Debug */ = {
			isa = XCBuildConfiguration;
			buildSettings = {
				BUNDLE_LOADER = "$(BUILT_PRODUCTS_DIR)/Pitch Perfect.app/Pitch Perfect";
				FRAMEWORK_SEARCH_PATHS = (
					"$(SDKROOT)/Developer/Library/Frameworks",
					"$(inherited)",
				);
				GCC_PREPROCESSOR_DEFINITIONS = (
					"DEBUG=1",
					"$(inherited)",
				);
				INFOPLIST_FILE = "Pitch PerfectTests/Info.plist";
				LD_RUNPATH_SEARCH_PATHS = "$(inherited) @executable_path/Frameworks @loader_path/Frameworks";
				METAL_ENABLE_DEBUG_INFO = YES;
				PRODUCT_NAME = "$(TARGET_NAME)";
				TEST_HOST = "$(BUNDLE_LOADER)";
			};
			name = Debug;
		};
		052FF65A1AAE27060022F894 /* Release */ = {
			isa = XCBuildConfiguration;
			buildSettings = {
				BUNDLE_LOADER = "$(BUILT_PRODUCTS_DIR)/Pitch Perfect.app/Pitch Perfect";
				FRAMEWORK_SEARCH_PATHS = (
					"$(SDKROOT)/Developer/Library/Frameworks",
					"$(inherited)",
				);
				INFOPLIST_FILE = "Pitch PerfectTests/Info.plist";
				LD_RUNPATH_SEARCH_PATHS = "$(inherited) @executable_path/Frameworks @loader_path/Frameworks";
				METAL_ENABLE_DEBUG_INFO = NO;
				PRODUCT_NAME = "$(TARGET_NAME)";
				TEST_HOST = "$(BUNDLE_LOADER)";
			};
			name = Release;
		};
/* End XCBuildConfiguration section */

/* Begin XCConfigurationList section */
		052FF6341AAE27050022F894 /* Build configuration list for PBXProject "Pitch Perfect" */ = {
			isa = XCConfigurationList;
			buildConfigurations = (
				052FF6531AAE27060022F894 /* Debug */,
				052FF6541AAE27060022F894 /* Release */,
			);
			defaultConfigurationIsVisible = 0;
			defaultConfigurationName = Release;
		};
		052FF6551AAE27060022F894 /* Build configuration list for PBXNativeTarget "Pitch Perfect" */ = {
			isa = XCConfigurationList;
			buildConfigurations = (
				052FF6561AAE27060022F894 /* Debug */,
				052FF6571AAE27060022F894 /* Release */,
			);
			defaultConfigurationIsVisible = 0;
			defaultConfigurationName = Release;
		};
		052FF6581AAE27060022F894 /* Build configuration list for PBXNativeTarget "Pitch PerfectTests" */ = {
			isa = XCConfigurationList;
			buildConfigurations = (
				052FF6591AAE27060022F894 /* Debug */,
				052FF65A1AAE27060022F894 /* Release */,
			);
			defaultConfigurationIsVisible = 0;
			defaultConfigurationName = Release;
		};
/* End XCConfigurationList section */
	};
	rootObject = 052FF6311AAE27050022F894 /* Project object */;
}
